// !$*UTF8*$!
{
	archiveVersion = 1;
	classes = {
	};
	objectVersion = 46;
	objects = {

/* Begin PBXBuildFile section */
		CCF4F5B01AB272950098A934 /* AppDelegate.swift in Sources */ = {isa = PBXBuildFile; fileRef = CCF4F5AF1AB272950098A934 /* AppDelegate.swift */; };
		CCF4F5B21AB272950098A934 /* ViewController.swift in Sources */ = {isa = PBXBuildFile; fileRef = CCF4F5B11AB272950098A934 /* ViewController.swift */; };
		CCF4F5B51AB272950098A934 /* Main.storyboard in Resources */ = {isa = PBXBuildFile; fileRef = CCF4F5B31AB272950098A934 /* Main.storyboard */; };
		CCF4F5B71AB272950098A934 /* Images.xcassets in Resources */ = {isa = PBXBuildFile; fileRef = CCF4F5B61AB272950098A934 /* Images.xcassets */; };
		CCF4F5BA1AB272950098A934 /* LaunchScreen.xib in Resources */ = {isa = PBXBuildFile; fileRef = CCF4F5B81AB272950098A934 /* LaunchScreen.xib */; };
		CCF4F5C61AB272950098A934 /* TicTacToeTests.swift in Sources */ = {isa = PBXBuildFile; fileRef = CCF4F5C51AB272950098A934 /* TicTacToeTests.swift */; };
		CCF4F5D21AB273810098A934 /* ticTackO.png in Resources */ = {isa = PBXBuildFile; fileRef = CCF4F5CF1AB273810098A934 /* ticTackO.png */; };
		CCF4F5D31AB273810098A934 /* ticTacToeBoard.png in Resources */ = {isa = PBXBuildFile; fileRef = CCF4F5D01AB273810098A934 /* ticTacToeBoard.png */; };
		CCF4F5D41AB273810098A934 /* ticTacX.png in Resources */ = {isa = PBXBuildFile; fileRef = CCF4F5D11AB273810098A934 /* ticTacX.png */; };
/* End PBXBuildFile section */

/* Begin PBXContainerItemProxy section */
		CCF4F5C01AB272950098A934 /* PBXContainerItemProxy */ = {
			isa = PBXContainerItemProxy;
			containerPortal = CCF4F5A21AB272950098A934 /* Project object */;
			proxyType = 1;
			remoteGlobalIDString = CCF4F5A91AB272950098A934;
			remoteInfo = TicTacToe;
		};
/* End PBXContainerItemProxy section */

/* Begin PBXFileReference section */
		CCF4F5AA1AB272950098A934 /* TicTacToe.app */ = {isa = PBXFileReference; explicitFileType = wrapper.application; includeInIndex = 0; path = TicTacToe.app; sourceTree = BUILT_PRODUCTS_DIR; };
		CCF4F5AE1AB272950098A934 /* Info.plist */ = {isa = PBXFileReference; lastKnownFileType = text.plist.xml; path = Info.plist; sourceTree = "<group>"; };
		CCF4F5AF1AB272950098A934 /* AppDelegate.swift */ = {isa = PBXFileReference; lastKnownFileType = sourcecode.swift; path = AppDelegate.swift; sourceTree = "<group>"; };
		CCF4F5B11AB272950098A934 /* ViewController.swift */ = {isa = PBXFileReference; lastKnownFileType = sourcecode.swift; path = ViewController.swift; sourceTree = "<group>"; };
		CCF4F5B41AB272950098A934 /* Base */ = {isa = PBXFileReference; lastKnownFileType = file.storyboard; name = Base; path = Base.lproj/Main.storyboard; sourceTree = "<group>"; };
		CCF4F5B61AB272950098A934 /* Images.xcassets */ = {isa = PBXFileReference; lastKnownFileType = folder.assetcatalog; path = Images.xcassets; sourceTree = "<group>"; };
		CCF4F5B91AB272950098A934 /* Base */ = {isa = PBXFileReference; lastKnownFileType = file.xib; name = Base; path = Base.lproj/LaunchScreen.xib; sourceTree = "<group>"; };
		CCF4F5BF1AB272950098A934 /* TicTacToeTests.xctest */ = {isa = PBXFileReference; explicitFileType = wrapper.cfbundle; includeInIndex = 0; path = TicTacToeTests.xctest; sourceTree = BUILT_PRODUCTS_DIR; };
		CCF4F5C41AB272950098A934 /* Info.plist */ = {isa = PBXFileReference; lastKnownFileType = text.plist.xml; path = Info.plist; sourceTree = "<group>"; };
		CCF4F5C51AB272950098A934 /* TicTacToeTests.swift */ = {isa = PBXFileReference; lastKnownFileType = sourcecode.swift; path = TicTacToeTests.swift; sourceTree = "<group>"; };
		CCF4F5CF1AB273810098A934 /* ticTackO.png */ = {isa = PBXFileReference; lastKnownFileType = image.png; path = ticTackO.png; sourceTree = "<group>"; };
		CCF4F5D01AB273810098A934 /* ticTacToeBoard.png */ = {isa = PBXFileReference; lastKnownFileType = image.png; path = ticTacToeBoard.png; sourceTree = "<group>"; };
		CCF4F5D11AB273810098A934 /* ticTacX.png */ = {isa = PBXFileReference; lastKnownFileType = image.png; path = ticTacX.png; sourceTree = "<group>"; };
/* End PBXFileReference section */

/* Begin PBXFrameworksBuildPhase section */
		CCF4F5A71AB272950098A934 /* Frameworks */ = {
			isa = PBXFrameworksBuildPhase;
			buildActionMask = 2147483647;
			files = (
			);
			runOnlyForDeploymentPostprocessing = 0;
		};
		CCF4F5BC1AB272950098A934 /* Frameworks */ = {
			isa = PBXFrameworksBuildPhase;
			buildActionMask = 2147483647;
			files = (
			);
			runOnlyForDeploymentPostprocessing = 0;
		};
/* End PBXFrameworksBuildPhase section */

/* Begin PBXGroup section */
		CCF4F5A11AB272950098A934 = {
			isa = PBXGroup;
			children = (
				CCF4F5AC1AB272950098A934 /* TicTacToe */,
				CCF4F5C21AB272950098A934 /* TicTacToeTests */,
				CCF4F5AB1AB272950098A934 /* Products */,
			);
			sourceTree = "<group>";
		};
		CCF4F5AB1AB272950098A934 /* Products */ = {
			isa = PBXGroup;
			children = (
				CCF4F5AA1AB272950098A934 /* TicTacToe.app */,
				CCF4F5BF1AB272950098A934 /* TicTacToeTests.xctest */,
			);
			name = Products;
			sourceTree = "<group>";
		};
		CCF4F5AC1AB272950098A934 /* TicTacToe */ = {
			isa = PBXGroup;
			children = (
				CCF4F5AF1AB272950098A934 /* AppDelegate.swift */,
				CCF4F5B11AB272950098A934 /* ViewController.swift */,
				CCF4F5B31AB272950098A934 /* Main.storyboard */,
				CCF4F5B61AB272950098A934 /* Images.xcassets */,
				CCF4F5B81AB272950098A934 /* LaunchScreen.xib */,
				CCF4F5AD1AB272950098A934 /* Supporting Files */,
			);
			path = TicTacToe;
			sourceTree = "<group>";
		};
		CCF4F5AD1AB272950098A934 /* Supporting Files */ = {
			isa = PBXGroup;
			children = (
				CCF4F5CF1AB273810098A934 /* ticTackO.png */,
				CCF4F5D01AB273810098A934 /* ticTacToeBoard.png */,
				CCF4F5D11AB273810098A934 /* ticTacX.png */,
				CCF4F5AE1AB272950098A934 /* Info.plist */,
			);
			name = "Supporting Files";
			sourceTree = "<group>";
		};
		CCF4F5C21AB272950098A934 /* TicTacToeTests */ = {
			isa = PBXGroup;
			children = (
				CCF4F5C51AB272950098A934 /* TicTacToeTests.swift */,
				CCF4F5C31AB272950098A934 /* Supporting Files */,
			);
			path = TicTacToeTests;
			sourceTree = "<group>";
		};
		CCF4F5C31AB272950098A934 /* Supporting Files */ = {
			isa = PBXGroup;
			children = (
				CCF4F5C41AB272950098A934 /* Info.plist */,
			);
			name = "Supporting Files";
			sourceTree = "<group>";
		};
/* End PBXGroup section */

/* Begin PBXNativeTarget section */
		CCF4F5A91AB272950098A934 /* TicTacToe */ = {
			isa = PBXNativeTarget;
			buildConfigurationList = CCF4F5C91AB272950098A934 /* Build configuration list for PBXNativeTarget "TicTacToe" */;
			buildPhases = (
				CCF4F5A61AB272950098A934 /* Sources */,
				CCF4F5A71AB272950098A934 /* Frameworks */,
				CCF4F5A81AB272950098A934 /* Resources */,
			);
			buildRules = (
			);
			dependencies = (
			);
			name = TicTacToe;
			productName = TicTacToe;
			productReference = CCF4F5AA1AB272950098A934 /* TicTacToe.app */;
			productType = "com.apple.product-type.application";
		};
		CCF4F5BE1AB272950098A934 /* TicTacToeTests */ = {
			isa = PBXNativeTarget;
			buildConfigurationList = CCF4F5CC1AB272950098A934 /* Build configuration list for PBXNativeTarget "TicTacToeTests" */;
			buildPhases = (
				CCF4F5BB1AB272950098A934 /* Sources */,
				CCF4F5BC1AB272950098A934 /* Frameworks */,
				CCF4F5BD1AB272950098A934 /* Resources */,
			);
			buildRules = (
			);
			dependencies = (
				CCF4F5C11AB272950098A934 /* PBXTargetDependency */,
			);
			name = TicTacToeTests;
			productName = TicTacToeTests;
			productReference = CCF4F5BF1AB272950098A934 /* TicTacToeTests.xctest */;
			productType = "com.apple.product-type.bundle.unit-test";
		};
/* End PBXNativeTarget section */

/* Begin PBXProject section */
		CCF4F5A21AB272950098A934 /* Project object */ = {
			isa = PBXProject;
			attributes = {
				LastSwiftMigration = 0710;
				LastSwiftUpdateCheck = 0710;
				LastUpgradeCheck = 0620;
				ORGANIZATIONNAME = "Mbusi Hlatshwayo";
				TargetAttributes = {
					CCF4F5A91AB272950098A934 = {
						CreatedOnToolsVersion = 6.2;
					};
					CCF4F5BE1AB272950098A934 = {
						CreatedOnToolsVersion = 6.2;
						TestTargetID = CCF4F5A91AB272950098A934;
					};
				};
			};
			buildConfigurationList = CCF4F5A51AB272950098A934 /* Build configuration list for PBXProject "TicTacToe" */;
			compatibilityVersion = "Xcode 3.2";
			developmentRegion = English;
			hasScannedForEncodings = 0;
			knownRegions = (
				en,
				Base,
			);
			mainGroup = CCF4F5A11AB272950098A934;
			productRefGroup = CCF4F5AB1AB272950098A934 /* Products */;
			projectDirPath = "";
			projectRoot = "";
			targets = (
				CCF4F5A91AB272950098A934 /* TicTacToe */,
				CCF4F5BE1AB272950098A934 /* TicTacToeTests */,
			);
		};
/* End PBXProject section */

/* Begin PBXResourcesBuildPhase section */
		CCF4F5A81AB272950098A934 /* Resources */ = {
			isa = PBXResourcesBuildPhase;
			buildActionMask = 2147483647;
			files = (
				CCF4F5D41AB273810098A934 /* ticTacX.png in Resources */,
				CCF4F5B51AB272950098A934 /* Main.storyboard in Resources */,
				CCF4F5D21AB273810098A934 /* ticTackO.png in Resources */,
				CCF4F5BA1AB272950098A934 /* LaunchScreen.xib in Resources */,
				CCF4F5B71AB272950098A934 /* Images.xcassets in Resources */,
				CCF4F5D31AB273810098A934 /* ticTacToeBoard.png in Resources */,
			);
			runOnlyForDeploymentPostprocessing = 0;
		};
		CCF4F5BD1AB272950098A934 /* Resources */ = {
			isa = PBXResourcesBuildPhase;
			buildActionMask = 2147483647;
			files = (
			);
			runOnlyForDeploymentPostprocessing = 0;
		};
/* End PBXResourcesBuildPhase section */

/* Begin PBXSourcesBuildPhase section */
		CCF4F5A61AB272950098A934 /* Sources */ = {
			isa = PBXSourcesBuildPhase;
			buildActionMask = 2147483647;
			files = (
				CCF4F5B21AB272950098A934 /* ViewController.swift in Sources */,
				CCF4F5B01AB272950098A934 /* AppDelegate.swift in Sources */,
			);
			runOnlyForDeploymentPostprocessing = 0;
		};
		CCF4F5BB1AB272950098A934 /* Sources */ = {
			isa = PBXSourcesBuildPhase;
			buildActionMask = 2147483647;
			files = (
				CCF4F5C61AB272950098A934 /* TicTacToeTests.swift in Sources */,
			);
			runOnlyForDeploymentPostprocessing = 0;
		};
/* End PBXSourcesBuildPhase section */

/* Begin PBXTargetDependency section */
		CCF4F5C11AB272950098A934 /* PBXTargetDependency */ = {
			isa = PBXTargetDependency;
			target = CCF4F5A91AB272950098A934 /* TicTacToe */;
			targetProxy = CCF4F5C01AB272950098A934 /* PBXContainerItemProxy */;
		};
/* End PBXTargetDependency section */

/* Begin PBXVariantGroup section */
		CCF4F5B31AB272950098A934 /* Main.storyboard */ = {
			isa = PBXVariantGroup;
			children = (
				CCF4F5B41AB272950098A934 /* Base */,
			);
			name = Main.storyboard;
			sourceTree = "<group>";
		};
		CCF4F5B81AB272950098A934 /* LaunchScreen.xib */ = {
			isa = PBXVariantGroup;
			children = (
				CCF4F5B91AB272950098A934 /* Base */,
			);
			name = LaunchScreen.xib;
			sourceTree = "<group>";
		};
/* End PBXVariantGroup section */

/* Begin XCBuildConfiguration section */
		CCF4F5C71AB272950098A934 /* Debug */ = {
			isa = XCBuildConfiguration;
			buildSettings = {
				ALWAYS_SEARCH_USER_PATHS = NO;
				CLANG_CXX_LANGUAGE_STANDARD = "gnu++0x";
				CLANG_CXX_LIBRARY = "libc++";
				CLANG_ENABLE_MODULES = YES;
				CLANG_ENABLE_OBJC_ARC = YES;
				CLANG_WARN_BOOL_CONVERSION = YES;
				CLANG_WARN_CONSTANT_CONVERSION = YES;
				CLANG_WARN_DIRECT_OBJC_ISA_USAGE = YES_ERROR;
				CLANG_WARN_EMPTY_BODY = YES;
				CLANG_WARN_ENUM_CONVERSION = YES;
				CLANG_WARN_INT_CONVERSION = YES;
				CLANG_WARN_OBJC_ROOT_CLASS = YES_ERROR;
				CLANG_WARN_UNREACHABLE_CODE = YES;
				CLANG_WARN__DUPLICATE_METHOD_MATCH = YES;
				"CODE_SIGN_IDENTITY[sdk=iphoneos*]" = "iPhone Developer";
				COPY_PHASE_STRIP = NO;
				ENABLE_STRICT_OBJC_MSGSEND = YES;
				GCC_C_LANGUAGE_STANDARD = gnu99;
				GCC_DYNAMIC_NO_PIC = NO;
				GCC_OPTIMIZATION_LEVEL = 0;
				GCC_PREPROCESSOR_DEFINITIONS = (
					"DEBUG=1",
					"$(inherited)",
				);
				GCC_SYMBOLS_PRIVATE_EXTERN = NO;
				GCC_WARN_64_TO_32_BIT_CONVERSION = YES;
				GCC_WARN_ABOUT_RETURN_TYPE = YES_ERROR;
				GCC_WARN_UNDECLARED_SELECTOR = YES;
				GCC_WARN_UNINITIALIZED_AUTOS = YES_AGGRESSIVE;
				GCC_WARN_UNUSED_FUNCTION = YES;
				GCC_WARN_UNUSED_VARIABLE = YES;
				IPHONEOS_DEPLOYMENT_TARGET = 8.2;
				MTL_ENABLE_DEBUG_INFO = YES;
				ONLY_ACTIVE_ARCH = YES;
				SDKROOT = iphoneos;
				SWIFT_OPTIMIZATION_LEVEL = "-Onone";
			};
			name = Debug;
		};
		CCF4F5C81AB272950098A934 /* Release */ = {
			isa = XCBuildConfiguration;
			buildSettings = {
				ALWAYS_SEARCH_USER_PATHS = NO;
				CLANG_CXX_LANGUAGE_STANDARD = "gnu++0x";
				CLANG_CXX_LIBRARY = "libc++";
				CLANG_ENABLE_MODULES = YES;
				CLANG_ENABLE_OBJC_ARC = YES;
				CLANG_WARN_BOOL_CONVERSION = YES;
				CLANG_WARN_CONSTANT_CONVERSION = YES;
				CLANG_WARN_DIRECT_OBJC_ISA_USAGE = YES_ERROR;
				CLANG_WARN_EMPTY_BODY = YES;
				CLANG_WARN_ENUM_CONVERSION = YES;
				CLANG_WARN_INT_CONVERSION = YES;
				CLANG_WARN_OBJC_ROOT_CLASS = YES_ERROR;
				CLANG_WARN_UNREACHABLE_CODE = YES;
				CLANG_WARN__DUPLICATE_METHOD_MATCH = YES;
				"CODE_SIGN_IDENTITY[sdk=iphoneos*]" = "iPhone Developer";
				COPY_PHASE_STRIP = NO;
				ENABLE_NS_ASSERTIONS = NO;
				ENABLE_STRICT_OBJC_MSGSEND = YES;
				GCC_C_LANGUAGE_STANDARD = gnu99;
				GCC_WARN_64_TO_32_BIT_CONVERSION = YES;
				GCC_WARN_ABOUT_RETURN_TYPE = YES_ERROR;
				GCC_WARN_UNDECLARED_SELECTOR = YES;
				GCC_WARN_UNINITIALIZED_AUTOS = YES_AGGRESSIVE;
				GCC_WARN_UNUSED_FUNCTION = YES;
				GCC_WARN_UNUSED_VARIABLE = YES;
				IPHONEOS_DEPLOYMENT_TARGET = 8.2;
				MTL_ENABLE_DEBUG_INFO = NO;
				SDKROOT = iphoneos;
				VALIDATE_PRODUCT = YES;
			};
			name = Release;
		};
		CCF4F5CA1AB272950098A934 /* Debug */ = {
			isa = XCBuildConfiguration;
			buildSettings = {
				ASSETCATALOG_COMPILER_APPICON_NAME = AppIcon;
				INFOPLIST_FILE = TicTacToe/Info.plist;
				LD_RUNPATH_SEARCH_PATHS = "$(inherited) @executable_path/Frameworks";
				PRODUCT_NAME = "$(TARGET_NAME)";
			};
			name = Debug;
		};
		CCF4F5CB1AB272950098A934 /* Release */ = {
			isa = XCBuildConfiguration;
			buildSettings = {
				ASSETCATALOG_COMPILER_APPICON_NAME = AppIcon;
				INFOPLIST_FILE = TicTacToe/Info.plist;
				LD_RUNPATH_SEARCH_PATHS = "$(inherited) @executable_path/Frameworks";
				PRODUCT_NAME = "$(TARGET_NAME)";
			};
			name = Release;
		};
		CCF4F5CD1AB272950098A934 /* Debug */ = {
			isa = XCBuildConfiguration;
			buildSettings = {
				BUNDLE_LOADER = "$(TEST_HOST)";
				FRAMEWORK_SEARCH_PATHS = (
					"$(SDKROOT)/Developer/Library/Frameworks",
					"$(inherited)",
				);
				GCC_PREPROCESSOR_DEFINITIONS = (
					"DEBUG=1",
					"$(inherited)",
				);
				INFOPLIST_FILE = TicTacToeTests/Info.plist;
				LD_RUNPATH_SEARCH_PATHS = "$(inherited) @executable_path/Frameworks @loader_path/Frameworks";
				PRODUCT_NAME = "$(TARGET_NAME)";
				TEST_HOST = "$(BUILT_PRODUCTS_DIR)/TicTacToe.app/TicTacToe";
			};
			name = Debug;
		};
		CCF4F5CE1AB272950098A934 /* Release */ = {
			isa = XCBuildConfiguration;
			buildSettings = {
				BUNDLE_LOADER = "$(TEST_HOST)";
				FRAMEWORK_SEARCH_PATHS = (
					"$(SDKROOT)/Developer/Library/Frameworks",
					"$(inherited)",
				);
				INFOPLIST_FILE = TicTacToeTests/Info.plist;
				LD_RUNPATH_SEARCH_PATHS = "$(inherited) @executable_path/Frameworks @loader_path/Frameworks";
				PRODUCT_NAME = "$(TARGET_NAME)";
				TEST_HOST = "$(BUILT_PRODUCTS_DIR)/TicTacToe.app/TicTacToe";
			};
			name = Release;
		};
/* End XCBuildConfiguration section */

/* Begin XCConfigurationList section */
		CCF4F5A51AB272950098A934 /* Build configuration list for PBXProject "TicTacToe" */ = {
			isa = XCConfigurationList;
			buildConfigurations = (
				CCF4F5C71AB272950098A934 /* Debug */,
				CCF4F5C81AB272950098A934 /* Release */,
			);
			defaultConfigurationIsVisible = 0;
			defaultConfigurationName = Release;
		};
		CCF4F5C91AB272950098A934 /* Build configuration list for PBXNativeTarget "TicTacToe" */ = {
			isa = XCConfigurationList;
			buildConfigurations = (
				CCF4F5CA1AB272950098A934 /* Debug */,
				CCF4F5CB1AB272950098A934 /* Release */,
			);
			defaultConfigurationIsVisible = 0;
			defaultConfigurationName = Release;
		};
		CCF4F5CC1AB272950098A934 /* Build configuration list for PBXNativeTarget "TicTacToeTests" */ = {
			isa = XCConfigurationList;
			buildConfigurations = (
				CCF4F5CD1AB272950098A934 /* Debug */,
				CCF4F5CE1AB272950098A934 /* Release */,
			);
			defaultConfigurationIsVisible = 0;
			defaultConfigurationName = Release;
		};
/* End XCConfigurationList section */
	};
	rootObject = CCF4F5A21AB272950098A934 /* Project object */;
}
